
Microsoft Visual Studio Solution File, Format Version 12.00
# Visual Studio Version 17
VisualStudioVersion = 17.6.33829.357
MinimumVisualStudioVersion = 10.0.40219.1
Project("{9A19103F-16F7-4668-BE54-9A1E7A4F7556}") = "WebApplication1", "WebApplication1\WebApplication1.csproj", "{88A890D5-BDF0-4BBA-94F0-F601EB3542F1}"
EndProject
Project("{9A19103F-16F7-4668-BE54-9A1E7A4F7556}") = "Service", "Service\Service.csproj", "{438BDFD6-63C7-47A8-9D36-60F3E56A6418}"
EndProject
Project("{FAE04EC0-301F-11D3-BF4B-00C04F79EFBC}") = "ConsumerRabbit", "ConsumerRabbit\ConsumerRabbit.csproj", "{1F46D293-B8BE-4D2C-93A5-239C6761FEAA}"
EndProject
Global
	GlobalSection(SolutionConfigurationPlatforms) = preSolution
		Debug|Any CPU = Debug|Any CPU
		Release|Any CPU = Release|Any CPU
	EndGlobalSection
	GlobalSection(ProjectConfigurationPlatforms) = postSolution
		{88A890D5-BDF0-4BBA-94F0-F601EB3542F1}.Debug|Any CPU.ActiveCfg = Debug|Any CPU
		{88A890D5-BDF0-4BBA-94F0-F601EB3542F1}.Debug|Any CPU.Build.0 = Debug|Any CPU
		{88A890D5-BDF0-4BBA-94F0-F601EB3542F1}.Release|Any CPU.ActiveCfg = Release|Any CPU
		{88A890D5-BDF0-4BBA-94F0-F601EB3542F1}.Release|Any CPU.Build.0 = Release|Any CPU
		{438BDFD6-63C7-47A8-9D36-60F3E56A6418}.Debug|Any CPU.ActiveCfg = Debug|Any CPU
		{438BDFD6-63C7-47A8-9D36-60F3E56A6418}.Debug|Any CPU.Build.0 = Debug|Any CPU
		{438BDFD6-63C7-47A8-9D36-60F3E56A6418}.Release|Any CPU.ActiveCfg = Release|Any CPU
		{438BDFD6-63C7-47A8-9D36-60F3E56A6418}.Release|Any CPU.Build.0 = Release|Any CPU
		{1F46D293-B8BE-4D2C-93A5-239C6761FEAA}.Debug|Any CPU.ActiveCfg = Debug|Any CPU
		{1F46D293-B8BE-4D2C-93A5-239C6761FEAA}.Debug|Any CPU.Build.0 = Debug|Any CPU
		{1F46D293-B8BE-4D2C-93A5-239C6761FEAA}.Release|Any CPU.ActiveCfg = Release|Any CPU
		{1F46D293-B8BE-4D2C-93A5-239C6761FEAA}.Release|Any CPU.Build.0 = Release|Any CPU
	EndGlobalSection
	GlobalSection(SolutionProperties) = preSolution
		HideSolutionNode = FALSE
	EndGlobalSection
	GlobalSection(ExtensibilityGlobals) = postSolution
		SolutionGuid = {DA06D59E-F259-4DAE-BC88-94A3349E3053}
	EndGlobalSection
EndGlobal
